
Microsoft Visual Studio Solution File, Format Version 12.00
# Visual Studio 15
VisualStudioVersion = 15.0.27130.2024
MinimumVisualStudioVersion = 10.0.40219.1
Project("{FAE04EC0-301F-11D3-BF4B-00C04F79EFBC}") = "Test", "Test\Test.csproj", "{1045CF0D-EC63-4823-BF8D-1BF05B1B3C60}"
EndProject
Project("{FAE04EC0-301F-11D3-BF4B-00C04F79EFBC}") = "HOTSTalentHelper", "HOTSTalentHelper\HOTSTalentHelper.csproj", "{5B1EB63F-A9FE-413E-8B4C-3BE683CAE08E}"
EndProject
Global
	GlobalSection(SolutionConfigurationPlatforms) = preSolution
		Debug|Any CPU = Debug|Any CPU
		Release|Any CPU = Release|Any CPU
	EndGlobalSection
	GlobalSection(ProjectConfigurationPlatforms) = postSolution
		{1045CF0D-EC63-4823-BF8D-1BF05B1B3C60}.Debug|Any CPU.ActiveCfg = Debug|Any CPU
		{1045CF0D-EC63-4823-BF8D-1BF05B1B3C60}.Debug|Any CPU.Build.0 = Debug|Any CPU
		{1045CF0D-EC63-4823-BF8D-1BF05B1B3C60}.Release|Any CPU.ActiveCfg = Release|Any CPU
		{1045CF0D-EC63-4823-BF8D-1BF05B1B3C60}.Release|Any CPU.Build.0 = Release|Any CPU
		{5B1EB63F-A9FE-413E-8B4C-3BE683CAE08E}.Debug|Any CPU.ActiveCfg = Debug|Any CPU
		{5B1EB63F-A9FE-413E-8B4C-3BE683CAE08E}.Debug|Any CPU.Build.0 = Debug|Any CPU
		{5B1EB63F-A9FE-413E-8B4C-3BE683CAE08E}.Release|Any CPU.ActiveCfg = Release|Any CPU
		{5B1EB63F-A9FE-413E-8B4C-3BE683CAE08E}.Release|Any CPU.Build.0 = Release|Any CPU
	EndGlobalSection
	GlobalSection(SolutionProperties) = preSolution
		HideSolutionNode = FALSE
	EndGlobalSection
	GlobalSection(ExtensibilityGlobals) = postSolution
		SolutionGuid = {0E4FAC81-D822-494B-ABB7-104DD0E2923F}
	EndGlobalSection
EndGlobal
